Microsoft Visual Studio Solution File, Format Version 12.00
# Visual Studio Version 16
VisualStudioVersion = 16.0.29009.5
MinimumVisualStudioVersion = 10.0.40219.1
Project("{8BC9CEB8-8B4A-11D0-8D11-00A0C91BC942}") = "libenchant", "libenchant.vcxproj", "{E0DB6274-F44C-48E6-AE30-C00D59864569}"
EndProject
Project("{8BC9CEB8-8B4A-11D0-8D11-00A0C91BC942}") = "libenchant_hunspell", "libenchant_hunspell.vcxproj", "{70927F4C-0446-4EF3-9F65-FA78AC210506}"
EndProject
Global
	GlobalSection(SolutionConfigurationPlatforms) = preSolution
		Debug|Any CPU = Debug|Any CPU
		Debug|Mixed Platforms = Debug|Mixed Platforms
		Debug|Win32 = Debug|Win32
		Debug|x64 = Debug|x64
		Release|Any CPU = Release|Any CPU
		Release|Mixed Platforms = Release|Mixed Platforms
		Release|Win32 = Release|Win32
		Release|x64 = Release|x64
	EndGlobalSection
	GlobalSection(ProjectConfigurationPlatforms) = postSolution
		{E0DB6274-F44C-48E6-AE30-C00D59864569}.Debug|Any CPU.ActiveCfg = Debug|Win32
		{E0DB6274-F44C-48E6-AE30-C00D59864569}.Debug|Mixed Platforms.ActiveCfg = Debug|Win32
		{E0DB6274-F44C-48E6-AE30-C00D59864569}.Debug|Mixed Platforms.Build.0 = Debug|Win32
		{E0DB6274-F44C-48E6-AE30-C00D59864569}.Debug|Win32.ActiveCfg = Debug|Win32
		{E0DB6274-F44C-48E6-AE30-C00D59864569}.Debug|Win32.Build.0 = Debug|Win32
		{E0DB6274-F44C-48E6-AE30-C00D59864569}.Debug|x64.ActiveCfg = Debug|x64
		{E0DB6274-F44C-48E6-AE30-C00D59864569}.Debug|x64.Build.0 = Debug|x64
		{E0DB6274-F44C-48E6-AE30-C00D59864569}.Release|Any CPU.ActiveCfg = Release|Win32
		{E0DB6274-F44C-48E6-AE30-C00D59864569}.Release|Mixed Platforms.ActiveCfg = Release|Win32
		{E0DB6274-F44C-48E6-AE30-C00D59864569}.Release|Mixed Platforms.Build.0 = Release|Win32
		{E0DB6274-F44C-48E6-AE30-C00D59864569}.Release|Win32.ActiveCfg = Release|Win32
		{E0DB6274-F44C-48E6-AE30-C00D59864569}.Release|Win32.Build.0 = Release|Win32
		{E0DB6274-F44C-48E6-AE30-C00D59864569}.Release|x64.ActiveCfg = Release|x64
		{E0DB6274-F44C-48E6-AE30-C00D59864569}.Release|x64.Build.0 = Release|x64
		{70927F4C-0446-4EF3-9F65-FA78AC210506}.Debug|Any CPU.ActiveCfg = Debug|Win32
		{70927F4C-0446-4EF3-9F65-FA78AC210506}.Debug|Mixed Platforms.ActiveCfg = Debug|Win32
		{70927F4C-0446-4EF3-9F65-FA78AC210506}.Debug|Mixed Platforms.Build.0 = Debug|Win32
		{70927F4C-0446-4EF3-9F65-FA78AC210506}.Debug|Win32.ActiveCfg = Debug|Win32
		{70927F4C-0446-4EF3-9F65-FA78AC210506}.Debug|Win32.Build.0 = Debug|Win32
		{70927F4C-0446-4EF3-9F65-FA78AC210506}.Debug|x64.ActiveCfg = Debug|x64
		{70927F4C-0446-4EF3-9F65-FA78AC210506}.Debug|x64.Build.0 = Debug|x64
		{70927F4C-0446-4EF3-9F65-FA78AC210506}.Release|Any CPU.ActiveCfg = Release|Win32
		{70927F4C-0446-4EF3-9F65-FA78AC210506}.Release|Mixed Platforms.ActiveCfg = Release|Win32
		{70927F4C-0446-4EF3-9F65-FA78AC210506}.Release|Mixed Platforms.Build.0 = Release|Win32
		{70927F4C-0446-4EF3-9F65-FA78AC210506}.Release|Win32.ActiveCfg = Release|Win32
		{70927F4C-0446-4EF3-9F65-FA78AC210506}.Release|Win32.Build.0 = Release|Win32
		{70927F4C-0446-4EF3-9F65-FA78AC210506}.Release|x64.ActiveCfg = Release|x64
		{70927F4C-0446-4EF3-9F65-FA78AC210506}.Release|x64.Build.0 = Release|x64
	EndGlobalSection
	GlobalSection(SolutionProperties) = preSolution
		HideSolutionNode = FALSE
	EndGlobalSection
	GlobalSection(ExtensibilityGlobals) = postSolution
		SolutionGuid = {D57A69EE-97AF-4B85-BDDB-45E2562A0146}
	EndGlobalSection
EndGlobal
