<?xml version="1.0" encoding="utf-8"?>
<Project ToolsVersion="4.0" xmlns="http://schemas.microsoft.com/developer/msbuild/2003">
  <ItemGroup>
    <Filter Include="Source Files">
      <UniqueIdentifier>{4FC737F1-C7A5-4376-A066-2A32D752A2FF}</UniqueIdentifier>
      <Extensions>cpp;c;cc;cxx;def;odl;idl;hpj;bat;asm;asmx</Extensions>
    </Filter>
    <Filter Include="Header Files">
      <UniqueIdentifier>{93995380-89BD-4b04-88EB-625FBE52EBFB}</UniqueIdentifier>
      <Extensions>h;hpp;hxx;hm;inl;inc;xsd</Extensions>
    </Filter>
    <Filter Include="Resource Files">
      <UniqueIdentifier>{67DA6AB6-F800-4c08-8B7A-83BB121AAD01}</UniqueIdentifier>
      <Extensions>rc;ico;cur;bmp;dlg;rc2;rct;bin;rgs;gif;jpg;jpeg;jpe;resx;tiff;tif;png;wav</Extensions>
    </Filter>
  </ItemGroup>
  <ItemGroup>
    <ClCompile Include="..\src\myspell\affentry.cxx">
      <Filter>Source Files</Filter>
    </ClCompile>
    <ClCompile Include="..\src\myspell\affixmgr.cxx">
      <Filter>Source Files</Filter>
    </ClCompile>
    <ClCompile Include="..\src\myspell\csutil.cxx">
      <Filter>Source Files</Filter>
    </ClCompile>
    <ClCompile Include="..\src\myspell\dictmgr.cxx">
      <Filter>Source Files</Filter>
    </ClCompile>
    <ClCompile Include="..\src\myspell\filemgr.cxx">
      <Filter>Source Files</Filter>
    </ClCompile>
    <ClCompile Include="..\src\myspell\hashmgr.cxx">
      <Filter>Source Files</Filter>
    </ClCompile>
    <ClCompile Include="..\src\myspell\hunspell.cxx">
      <Filter>Source Files</Filter>
    </ClCompile>
    <ClCompile Include="..\src\myspell\hunzip.cxx">
      <Filter>Source Files</Filter>
    </ClCompile>
    <ClCompile Include="..\src\myspell\myspell_checker.cpp">
      <Filter>Source Files</Filter>
    </ClCompile>
    <ClCompile Include="..\src\myspell\phonet.cxx">
      <Filter>Source Files</Filter>
    </ClCompile>
    <ClCompile Include="..\src\myspell\suggestmgr.cxx">
      <Filter>Source Files</Filter>
    </ClCompile>
    <ClCompile Include="..\src\myspell\utf_info.cxx">
      <Filter>Source Files</Filter>
    </ClCompile>
  </ItemGroup>
  <ItemGroup>
    <ClInclude Include="..\src\myspell\affentry.hxx">
      <Filter>Header Files</Filter>
    </ClInclude>
    <ClInclude Include="..\src\myspell\affixmgr.hxx">
      <Filter>Header Files</Filter>
    </ClInclude>
    <ClInclude Include="..\src\myspell\atypes.hxx">
      <Filter>Header Files</Filter>
    </ClInclude>
    <ClInclude Include="..\src\myspell\baseaffix.hxx">
      <Filter>Header Files</Filter>
    </ClInclude>
    <ClInclude Include="..\src\myspell\csutil.hxx">
      <Filter>Header Files</Filter>
    </ClInclude>
    <ClInclude Include="..\src\myspell\dictmgr.hxx">
      <Filter>Header Files</Filter>
    </ClInclude>
    <ClInclude Include="..\src\myspell\filemgr.hxx">
      <Filter>Header Files</Filter>
    </ClInclude>
    <ClInclude Include="..\src\myspell\hashmgr.hxx">
      <Filter>Header Files</Filter>
    </ClInclude>
    <ClInclude Include="..\src\myspell\htypes.hxx">
      <Filter>Header Files</Filter>
    </ClInclude>
    <ClInclude Include="..\src\myspell\hunspell.h">
      <Filter>Header Files</Filter>
    </ClInclude>
    <ClInclude Include="..\src\myspell\hunspell.hxx">
      <Filter>Header Files</Filter>
    </ClInclude>
    <ClInclude Include="..\src\myspell\hunzip.hxx">
      <Filter>Header Files</Filter>
    </ClInclude>
    <ClInclude Include="..\src\myspell\langnum.hxx">
      <Filter>Header Files</Filter>
    </ClInclude>
    <ClInclude Include="..\src\myspell\phonet.hxx">
      <Filter>Header Files</Filter>
    </ClInclude>
    <ClInclude Include="..\src\myspell\suggestmgr.hxx">
      <Filter>Header Files</Filter>
    </ClInclude>
    <ClInclude Include="..\src\myspell\w_char.hxx">
      <Filter>Header Files</Filter>
    </ClInclude>
  </ItemGroup>
  <ItemGroup>
    <CustomBuild Include="..\src\myspell\license.hunspell" />
    <CustomBuild Include="..\src\myspell\license.myspell" />
    <CustomBuild Include="..\src\myspell\license.readme" />
  </ItemGroup>
</Project>